PODS:
  - CSV.swift (2.0.0)
  - RxCocoa (3.5.0):
    - RxSwift (~> 3.4)
  - RxSwift (3.5.0)

DEPENDENCIES:
  - CSV.swift (~> 2.0)
  - RxCocoa (~> 3.4)
  - RxSwift (~> 3.4)

SPEC CHECKSUMS:
  CSV.swift: 9219fd67bd5737c7f7ed1aeee093e28ff6f0e5b0
  RxCocoa: a0a09f45d0e5b48ecb6a4a7b4b4c89c88d3f633f
  RxSwift: 18ee9d78b45edb3b0b7e79916b47a116e6dbc842

PODFILE CHECKSUM: fc40f4ad68192b3bf365f27a809cd6ab5ea5c22e

COCOAPODS: 1.2.1
